# This file is generated by running "yarn install" inside your project.
# Manual changes might be lost - proceed with caution!

__metadata:
  version: 8
  cacheKey: 10c0

"@jsonresume/schema@npm:^1.0.0":
  version: 1.2.1
  resolution: "@jsonresume/schema@npm:1.2.1"
  dependencies:
    jsonschema: "npm:^1.4.1"
  checksum: 10c0/86bdb672c3f2ab9ba937b6420807bb9270212c6c4c3133685540d32e355d5b3778d2fa14a1414deeaa3a281711fae2755b0e4a628266fd5daa4a0201b4752d5a
  languageName: node
  linkType: hard

"@puppeteer/browsers@npm:3.0.6":
  version: 3.0.6
  resolution: "@puppeteer/browsers@npm:3.0.6"
  dependencies:
    modern-tar: "npm:^0.7.6"
    yargs: "npm:^18.0.0"
  peerDependencies:
    proxy-agent: ">=8.0.1"
    yauzl: ^2.10.0 || ^3.4.0
  peerDependenciesMeta:
    proxy-agent:
      optional: true
    yauzl:
      optional: true
  bin:
    browsers: lib/main-cli.js
  checksum: 10c0/145c9136b6a4a2de0a1a6413ab92eb791384a8d103dea253a487eacaaabc66927205dbe843f899dfb961fb0fddc164e17ad6fbad83bc40ff39513a0a0b51172a
  languageName: node
  linkType: hard

"ansi-regex@npm:^6.2.2":
  version: 6.2.2
  resolution: "ansi-regex@npm:6.2.2"
  checksum: 10c0/05d4acb1d2f59ab2cf4b794339c7b168890d44dda4bf0ce01152a8da0213aca207802f930442ce8cd22d7a92f44907664aac6508904e75e038fa944d2601b30f
  languageName: node
  linkType: hard

"ansi-styles@npm:^6.2.1":
  version: 6.2.3
  resolution: "ansi-styles@npm:6.2.3"
  checksum: 10c0/23b8a4ce14e18fb854693b95351e286b771d23d8844057ed2e7d083cd3e708376c3323707ec6a24365f7d7eda3ca00327fe04092e29e551499ec4c8b7bfac868
  languageName: node
  linkType: hard

"chromium-bidi@npm:17.0.2":
  version: 17.0.2
  resolution: "chromium-bidi@npm:17.0.2"
  dependencies:
    mitt: "npm:^3.0.1"
    zod: "npm:^3.24.1"
  peerDependencies:
    devtools-protocol: "*"
  checksum: 10c0/cc1fcbdf2309f2f0083096c78a299342918c6dc8e80158487aada8e2ee73160ed7301bb54c5520274e4514f2a14f05e45d730a536e0a95f2e204dd8bf42eebee
  languageName: node
  linkType: hard

"cliui@npm:^9.0.1":
  version: 9.0.1
  resolution: "cliui@npm:9.0.1"
  dependencies:
    string-width: "npm:^7.2.0"
    strip-ansi: "npm:^7.1.0"
    wrap-ansi: "npm:^9.0.0"
  checksum: 10c0/13441832e9efe7c7a76bd2b8e683555c478d461a9f249dc5db9b17fe8d4b47fa9277b503914b90bd00e4a151abb6b9b02b2288972ffe2e5e3ca40bcb1c2330d3
  languageName: node
  linkType: hard

"devtools-protocol@npm:0.0.1653615":
  version: 0.0.1653615
  resolution: "devtools-protocol@npm:0.0.1653615"
  checksum: 10c0/2a8e63aac7fb7ee4a7eef0e75bf17b7f03f44f085c79ac4e2c53b82e86f908094c1d1b2a0f85f2a7742b3d420e5a3ff8e522bca3dc609c98850239dbd2ce5428
  languageName: node
  linkType: hard

"emoji-regex@npm:^10.3.0":
  version: 10.6.0
  resolution: "emoji-regex@npm:10.6.0"
  checksum: 10c0/1e4aa097bb007301c3b4b1913879ae27327fdc48e93eeefefe3b87e495eb33c5af155300be951b4349ff6ac084f4403dc9eff970acba7c1c572d89396a9a32d7
  languageName: node
  linkType: hard

"escalade@npm:^3.1.1":
  version: 3.2.0
  resolution: "escalade@npm:3.2.0"
  checksum: 10c0/ced4dd3a78e15897ed3be74e635110bbf3b08877b0a41be50dcb325ee0e0b5f65fc2d50e9845194d7c4633f327e2e1c6cce00a71b617c5673df0374201d67f65
  languageName: node
  linkType: hard

"get-caller-file@npm:^2.0.5":
  version: 2.0.5
  resolution: "get-caller-file@npm:2.0.5"
  checksum: 10c0/c6c7b60271931fa752aeb92f2b47e355eac1af3a2673f47c9589e8f8a41adc74d45551c1bc57b5e66a80609f10ffb72b6f575e4370d61cc3f7f3aaff01757cde
  languageName: node
  linkType: hard

"get-east-asian-width@npm:^1.0.0, get-east-asian-width@npm:^1.5.0":
  version: 1.6.0
  resolution: "get-east-asian-width@npm:1.6.0"
  checksum: 10c0/7e72e9550fd49ca5b246f9af6bb2afc129c96412845ff6556b3274fd44817a381702ca17028efe9866b261a3d44254cbf21e6c90cf05b4b61675630af776d431
  languageName: node
  linkType: hard

"handlebars@npm:4.7.9":
  version: 4.7.9
  resolution: "handlebars@npm:4.7.9"
  dependencies:
    minimist: "npm:^1.2.5"
    neo-async: "npm:^2.6.2"
    source-map: "npm:^0.6.1"
    uglify-js: "npm:^3.1.4"
    wordwrap: "npm:^1.0.0"
  dependenciesMeta:
    uglify-js:
      optional: true
  bin:
    handlebars: bin/handlebars
  checksum: 10c0/22f8105a7e68e81aff2662bb434edf05f757d21d850731d71cec886d69c10cd33d3c43e34b2892968ec62de8241611851d3d0674c8ef324ea3e01dc66262faa9
  languageName: node
  linkType: hard

"handlebars@npm:^4.7.8":
  version: 4.7.8
  resolution: "handlebars@npm:4.7.8"
  dependencies:
    minimist: "npm:^1.2.5"
    neo-async: "npm:^2.6.2"
    source-map: "npm:^0.6.1"
    uglify-js: "npm:^3.1.4"
    wordwrap: "npm:^1.0.0"
  dependenciesMeta:
    uglify-js:
      optional: true
  bin:
    handlebars: bin/handlebars
  checksum: 10c0/7aff423ea38a14bb379316f3857fe0df3c5d66119270944247f155ba1f08e07a92b340c58edaa00cfe985c21508870ee5183e0634dcb53dd405f35c93ef7f10d
  languageName: node
  linkType: hard

"jsonschema@npm:^1.4.1":
  version: 1.5.0
  resolution: "jsonschema@npm:1.5.0"
  checksum: 10c0/c24ddb8d741f02efc0da3ad9b597a275f6b595062903d3edbfaa535c3f9c4c98613df68da5cb6635ed9aeab30d658986fea61d7662fc5b2b92840d5a1e21235e
  languageName: node
  linkType: hard

"lilconfig@npm:^3.1.3":
  version: 3.1.3
  resolution: "lilconfig@npm:3.1.3"
  checksum: 10c0/f5604e7240c5c275743561442fbc5abf2a84ad94da0f5adc71d25e31fa8483048de3dcedcb7a44112a942fed305fd75841cdf6c9681c7f640c63f1049e9a5dcc
  languageName: node
  linkType: hard

"minimist@npm:^1.2.5":
  version: 1.2.8
  resolution: "minimist@npm:1.2.8"
  checksum: 10c0/19d3fcdca050087b84c2029841a093691a91259a47def2f18222f41e7645a0b7c44ef4b40e88a1e58a40c84d2ef0ee6047c55594d298146d0eb3f6b737c20ce6
  languageName: node
  linkType: hard

"mitt@npm:^3.0.1":
  version: 3.0.1
  resolution: "mitt@npm:3.0.1"
  checksum: 10c0/3ab4fdecf3be8c5255536faa07064d05caa3dd332bd318ff02e04621f7b3069ca1de9106cfe8e7ced675abfc2bec2ce4c4ef321c4a1bb1fb29df8ae090741913
  languageName: node
  linkType: hard

"modern-tar@npm:^0.7.6":
  version: 0.7.7
  resolution: "modern-tar@npm:0.7.7"
  checksum: 10c0/5363f46514e2be5dc76726cd252bf8adde159268358bc21980b63d581d1072046bba51207455989ddcd3c794c42fc809c81737a15cb970a880868ad6e40299fb
  languageName: node
  linkType: hard

"mri@npm:^1.1.0":
  version: 1.2.0
  resolution: "mri@npm:1.2.0"
  checksum: 10c0/a3d32379c2554cf7351db6237ddc18dc9e54e4214953f3da105b97dc3babe0deb3ffe99cf409b38ea47cc29f9430561ba6b53b24ab8f9ce97a4b50409e4a50e7
  languageName: node
  linkType: hard

"neo-async@npm:^2.6.2":
  version: 2.6.2
  resolution: "neo-async@npm:2.6.2"
  checksum: 10c0/c2f5a604a54a8ec5438a342e1f356dff4bc33ccccdb6dc668d94fe8e5eccfc9d2c2eea6064b0967a767ba63b33763f51ccf2cd2441b461a7322656c1f06b3f5d
  languageName: node
  linkType: hard

"puppeteer-core@npm:25.4.0":
  version: 25.4.0
  resolution: "puppeteer-core@npm:25.4.0"
  dependencies:
    "@puppeteer/browsers": "npm:3.0.6"
    chromium-bidi: "npm:17.0.2"
    devtools-protocol: "npm:0.0.1653615"
    typed-query-selector: "npm:^2.12.2"
    webdriver-bidi-protocol: "npm:0.4.2"
    ws: "npm:^8.21.1"
  checksum: 10c0/4200034170123221354d372ed6ef50e2feb8ee5841bd77d479ec85a85c388ab8991162a269c49ddae38c6feb3e1ddec1d63406fef2f9908ac2e11b4636b7f6ea
  languageName: node
  linkType: hard

"puppeteer@npm:25.4.0":
  version: 25.4.0
  resolution: "puppeteer@npm:25.4.0"
  dependencies:
    "@puppeteer/browsers": "npm:3.0.6"
    chromium-bidi: "npm:17.0.2"
    devtools-protocol: "npm:0.0.1653615"
    lilconfig: "npm:^3.1.3"
    puppeteer-core: "npm:25.4.0"
    typed-query-selector: "npm:^2.12.2"
  bin:
    puppeteer: lib/puppeteer/node/cli.js
  checksum: 10c0/eb54294e2d93905c0d3905277381019d18e0d4eb5211ec59c5451336f75dada5a8a389c6923d07703376d5b039140f5891c37111aa0a399a285522574c0254cf
  languageName: node
  linkType: hard

"resumed@npm:6.1.0":
  version: 6.1.0
  resolution: "resumed@npm:6.1.0"
  dependencies:
    "@jsonresume/schema": "npm:^1.0.0"
    sade: "npm:^1.7.0"
    strip-json-comments: "npm:^5.0.0"
  peerDependencies:
    puppeteer: ^24.0.0
  peerDependenciesMeta:
    puppeteer:
      optional: true
  bin:
    resumed: bin/resumed.js
  checksum: 10c0/a8a12f08556b28abc438f409db7acaed364979ee4c86af9e18ed1a233d4920070178d5d9be738622b8b590d2440fdcdaa3a75a19b4946464ada48e2f0e2aca4a
  languageName: node
  linkType: hard

"root-workspace-0b6124@workspace:.":
  version: 0.0.0-use.local
  resolution: "root-workspace-0b6124@workspace:."
  dependencies:
    handlebars: "npm:4.7.9"
    puppeteer: "npm:25.4.0"
    resumed: "npm:6.1.0"
    theme-boiler-plate: "file:./theme-boiler-plate"
    theme-english: "file:./theme-english"
    theme-french: "file:./theme-french"
    theme-plaquette-en: "file:./theme-plaquette-en"
    theme-plaquette-fr: "file:./theme-plaquette-fr"
  languageName: unknown
  linkType: soft

"sade@npm:^1.7.0":
  version: 1.8.1
  resolution: "sade@npm:1.8.1"
  dependencies:
    mri: "npm:^1.1.0"
  checksum: 10c0/da8a3a5d667ad5ce3bf6d4f054bbb9f711103e5df21003c5a5c1a8a77ce12b640ed4017dd423b13c2307ea7e645adee7c2ae3afe8051b9db16a6f6d3da3f90b1
  languageName: node
  linkType: hard

"source-map@npm:^0.6.1":
  version: 0.6.1
  resolution: "source-map@npm:0.6.1"
  checksum: 10c0/ab55398007c5e5532957cb0beee2368529618ac0ab372d789806f5718123cc4367d57de3904b4e6a4170eb5a0b0f41373066d02ca0735a0c4d75c7d328d3e011
  languageName: node
  linkType: hard

"string-width@npm:^7.0.0, string-width@npm:^7.2.0":
  version: 7.2.0
  resolution: "string-width@npm:7.2.0"
  dependencies:
    emoji-regex: "npm:^10.3.0"
    get-east-asian-width: "npm:^1.0.0"
    strip-ansi: "npm:^7.1.0"
  checksum: 10c0/eb0430dd43f3199c7a46dcbf7a0b34539c76fe3aa62763d0b0655acdcbdf360b3f66f3d58ca25ba0205f42ea3491fa00f09426d3b7d3040e506878fc7664c9b9
  languageName: node
  linkType: hard

"string-width@npm:^8.2.1":
  version: 8.2.2
  resolution: "string-width@npm:8.2.2"
  dependencies:
    get-east-asian-width: "npm:^1.5.0"
    strip-ansi: "npm:^7.1.2"
  checksum: 10c0/895624534e4e2f229e880bbc30aa77bdeb758e1a0edce203e0a17b8b4f08b8d3c1156516efc50a35e3efd0052d938a73797692111250ac9f52ee384710a01714
  languageName: node
  linkType: hard

"strip-ansi@npm:^7.1.0, strip-ansi@npm:^7.1.2":
  version: 7.2.0
  resolution: "strip-ansi@npm:7.2.0"
  dependencies:
    ansi-regex: "npm:^6.2.2"
  checksum: 10c0/544d13b7582f8254811ea97db202f519e189e59d35740c46095897e254e4f1aa9fe1524a83ad6bc5ad67d4dd6c0281d2e0219ed62b880a6238a16a17d375f221
  languageName: node
  linkType: hard

"strip-json-comments@npm:^5.0.0":
  version: 5.0.3
  resolution: "strip-json-comments@npm:5.0.3"
  checksum: 10c0/daaf20b29f69fb51112698f4a9a662490dbb78d5baf6127c75a0a83c2ac6c078a8c0f74b389ad5e0519d6fc359c4a57cb9971b1ae201aef62ce45a13247791e0
  languageName: node
  linkType: hard

"theme-boiler-plate@file:./theme-boiler-plate::locator=root-workspace-0b6124%40workspace%3A.":
  version: 0.0.1
  resolution: "theme-boiler-plate@file:./theme-boiler-plate#./theme-boiler-plate::hash=83a2e7&locator=root-workspace-0b6124%40workspace%3A."
  dependencies:
    handlebars: "npm:^4.7.8"
  checksum: 10c0/0a25b2d76affd3c8a1583f0b2aa620c5116d732a46cac9a4236ddd0fa6a909c1ac1e156310dde34243f5478a9c3cc666437c105c571cafd0ff2fa8465049c04f
  languageName: node
  linkType: hard

"theme-english@file:./theme-english::locator=root-workspace-0b6124%40workspace%3A.":
  version: 0.0.1
  resolution: "theme-english@file:./theme-english#./theme-english::hash=2a443c&locator=root-workspace-0b6124%40workspace%3A."
  dependencies:
    handlebars: "npm:^4.7.8"
  checksum: 10c0/257ba723df34042b740b290d8be7c6bbe18fee5512d50a982f9f39a603e401fb71c984cb17077de1e0844b4666585d323d7c534f7cc815396acc42bcb9da4291
  languageName: node
  linkType: hard

"theme-french@file:./theme-french::locator=root-workspace-0b6124%40workspace%3A.":
  version: 0.0.1
  resolution: "theme-french@file:./theme-french#./theme-french::hash=c73e67&locator=root-workspace-0b6124%40workspace%3A."
  dependencies:
    handlebars: "npm:^4.7.8"
  checksum: 10c0/b2fb0ce0c792c8cc5b4b48e656bb36a04f78771bd95da6834c7fb04151558eefe482943a42a247c9008fd26eb03800200efe001a111531224623d69c7412d224
  languageName: node
  linkType: hard

"theme-plaquette-en@file:./theme-plaquette-en::locator=root-workspace-0b6124%40workspace%3A.":
  version: 0.0.1
  resolution: "theme-plaquette-en@file:./theme-plaquette-en#./theme-plaquette-en::hash=2a36be&locator=root-workspace-0b6124%40workspace%3A."
  dependencies:
    handlebars: "npm:^4.7.8"
  checksum: 10c0/bc4fa158a8a8e58205a5c4d7b906c8392ae8187a997cf98fd7e68bb1799a56ad201b436a8e9fc2aa6b4c9a321f27974620ab04e9c836065c6db37323ae2def80
  languageName: node
  linkType: hard

"theme-plaquette-fr@file:./theme-plaquette-fr::locator=root-workspace-0b6124%40workspace%3A.":
  version: 0.0.1
  resolution: "theme-plaquette-fr@file:./theme-plaquette-fr#./theme-plaquette-fr::hash=8fadeb&locator=root-workspace-0b6124%40workspace%3A."
  dependencies:
    handlebars: "npm:^4.7.8"
  checksum: 10c0/ead42d9963ff65d6d55f81c359ec21d61701f8df1c3083d4edc560f62aeee26d115d8857c00286a5b98ea15efba25b55db227a825ed5146c77e6420714c2f787
  languageName: node
  linkType: hard

"typed-query-selector@npm:^2.12.2":
  version: 2.12.2
  resolution: "typed-query-selector@npm:2.12.2"
  checksum: 10c0/2710369ada5bde578606b043eefb8a6d7f9178630ae4950a4dfd4f70cceb8196d5bbc735a905cd3e06953127e4dd1825c3e0be06d64e5a6e5609965cffee701d
  languageName: node
  linkType: hard

"uglify-js@npm:^3.1.4":
  version: 3.19.3
  resolution: "uglify-js@npm:3.19.3"
  bin:
    uglifyjs: bin/uglifyjs
  checksum: 10c0/83b0a90eca35f778e07cad9622b80c448b6aad457c9ff8e568afed978212b42930a95f9e1be943a1ffa4258a3340fbb899f41461131c05bb1d0a9c303aed8479
  languageName: node
  linkType: hard

"webdriver-bidi-protocol@npm:0.4.2":
  version: 0.4.2
  resolution: "webdriver-bidi-protocol@npm:0.4.2"
  checksum: 10c0/dd2068949615a4c809949cc590ea7212c82400b21a4150c9ced5bae9b707b21a1dea6edbe52a76519e67835b13e6e036946bbb6c005038b1dccc411c88a9c78e
  languageName: node
  linkType: hard

"wordwrap@npm:^1.0.0":
  version: 1.0.0
  resolution: "wordwrap@npm:1.0.0"
  checksum: 10c0/7ed2e44f3c33c5c3e3771134d2b0aee4314c9e49c749e37f464bf69f2bcdf0cbf9419ca638098e2717cff4875c47f56a007532f6111c3319f557a2ca91278e92
  languageName: node
  linkType: hard

"wrap-ansi@npm:^9.0.0":
  version: 9.0.2
  resolution: "wrap-ansi@npm:9.0.2"
  dependencies:
    ansi-styles: "npm:^6.2.1"
    string-width: "npm:^7.0.0"
    strip-ansi: "npm:^7.1.0"
  checksum: 10c0/3305839b9a0d6fb930cb63a52f34d3936013d8b0682ff3ec133c9826512620f213800ffa19ea22904876d5b7e9a3c1f40682f03597d986a4ca881fa7b033688c
  languageName: node
  linkType: hard

"ws@npm:^8.21.1":
  version: 8.21.1
  resolution: "ws@npm:8.21.1"
  peerDependencies:
    bufferutil: ^4.0.1
    utf-8-validate: ">=5.0.2"
  peerDependenciesMeta:
    bufferutil:
      optional: true
    utf-8-validate:
      optional: true
  checksum: 10c0/c4c6f1d95f6d465262de2037c57c715725d67e078dd49420ede4e19115668aba159cb64d85c5e89c06eb2826be599e62e5095860ad6cc54ff42e8bd7684e1db8
  languageName: node
  linkType: hard

"y18n@npm:^5.0.5":
  version: 5.0.8
  resolution: "y18n@npm:5.0.8"
  checksum: 10c0/4df2842c36e468590c3691c894bc9cdbac41f520566e76e24f59401ba7d8b4811eb1e34524d57e54bc6d864bcb66baab7ffd9ca42bf1eda596618f9162b91249
  languageName: node
  linkType: hard

"yargs-parser@npm:^22.0.0":
  version: 22.0.0
  resolution: "yargs-parser@npm:22.0.0"
  checksum: 10c0/cb7ef81759c4271cb1d96b9351dbbc9a9ce35d3e1122d2b739bf6c432603824fa02c67cc12dcef6ea80283379d63495686e8f41cc7b06c6576e792aba4d33e1c
  languageName: node
  linkType: hard

"yargs@npm:^18.0.0":
  version: 18.1.0
  resolution: "yargs@npm:18.1.0"
  dependencies:
    cliui: "npm:^9.0.1"
    escalade: "npm:^3.1.1"
    get-caller-file: "npm:^2.0.5"
    string-width: "npm:^8.2.1"
    y18n: "npm:^5.0.5"
    yargs-parser: "npm:^22.0.0"
  checksum: 10c0/86052bbed90a9aaaaf1eabe004f47c7420e1b7f8d314170cfb0ad4721f518ec2fb7ba5a6daa20708b1595aba257f1554b2d5b3f5606356f86aa9dae18de0bec5
  languageName: node
  linkType: hard

"zod@npm:^3.24.1":
  version: 3.25.76
  resolution: "zod@npm:3.25.76"
  checksum: 10c0/5718ec35e3c40b600316c5b4c5e4976f7fee68151bc8f8d90ec18a469be9571f072e1bbaace10f1e85cf8892ea12d90821b200e980ab46916a6166a4260a983c
  languageName: node
  linkType: hard
